
Microsoft Visual Studio Solution File, Format Version 12.00
# Visual Studio Version 17
VisualStudioVersion = 17.3.32811.315
MinimumVisualStudioVersion = 10.0.40219.1
Project("{9A19103F-16F7-4668-BE54-9A1E7A4F7556}") = "E-ventPlanner", "E-ventPlanner\E-ventPlanner.csproj", "{EADEB0F6-0834-4FE9-8BAC-9818160BD0D6}"
EndProject
Project("{FAE04EC0-301F-11D3-BF4B-00C04F79EFBC}") = "E-ventPlanner.Tests", "E-ventPlanner.Tests\E-ventPlanner.Tests.csproj", "{FD469E71-35F1-4564-9B93-38332613C1DE}"
EndProject
Global
	GlobalSection(SolutionConfigurationPlatforms) = preSolution
		Debug|Any CPU = Debug|Any CPU
		Release|Any CPU = Release|Any CPU
	EndGlobalSection
	GlobalSection(ProjectConfigurationPlatforms) = postSolution
		{EADEB0F6-0834-4FE9-8BAC-9818160BD0D6}.Debug|Any CPU.ActiveCfg = Debug|Any CPU
		{EADEB0F6-0834-4FE9-8BAC-9818160BD0D6}.Debug|Any CPU.Build.0 = Debug|Any CPU
		{EADEB0F6-0834-4FE9-8BAC-9818160BD0D6}.Release|Any CPU.ActiveCfg = Release|Any CPU
		{EADEB0F6-0834-4FE9-8BAC-9818160BD0D6}.Release|Any CPU.Build.0 = Release|Any CPU
		{FD469E71-35F1-4564-9B93-38332613C1DE}.Debug|Any CPU.ActiveCfg = Debug|Any CPU
		{FD469E71-35F1-4564-9B93-38332613C1DE}.Debug|Any CPU.Build.0 = Debug|Any CPU
		{FD469E71-35F1-4564-9B93-38332613C1DE}.Release|Any CPU.ActiveCfg = Release|Any CPU
		{FD469E71-35F1-4564-9B93-38332613C1DE}.Release|Any CPU.Build.0 = Release|Any CPU
	EndGlobalSection
	GlobalSection(SolutionProperties) = preSolution
		HideSolutionNode = FALSE
	EndGlobalSection
	GlobalSection(ExtensibilityGlobals) = postSolution
		SolutionGuid = {E3A66D77-C311-47F9-8155-882FC353E250}
	EndGlobalSection
EndGlobal
